// !$*UTF8*$!
{
	archiveVersion = 1;
	classes = {
	};
	objectVersion = 56;
	objects = {

/* Begin PBXBuildFile section */
		160EFE332A2C87B2005809A0 /* TrackingView.swift in Sources */ = {isa = PBXBuildFile; fileRef = 160EFE322A2C87B2005809A0 /* TrackingView.swift */; };
		160EFE352A2C880F005809A0 /* MapView.swift in Sources */ = {isa = PBXBuildFile; fileRef = 160EFE342A2C880F005809A0 /* MapView.swift */; };
		160EFE372A2C8867005809A0 /* TrackingModalView.swift in Sources */ = {isa = PBXBuildFile; fileRef = 160EFE362A2C8867005809A0 /* TrackingModalView.swift */; };
		3D3846062A2B9C20008A9166 /* ButtonComponent.swift in Sources */ = {isa = PBXBuildFile; fileRef = 3D3846052A2B9C20008A9166 /* ButtonComponent.swift */; };
		3D3846092A2B9CE9008A9166 /* Points.json in Resources */ = {isa = PBXBuildFile; fileRef = 3D3846082A2B9CE9008A9166 /* Points.json */; };
		3D38460B2A2BA505008A9166 /* PointModel.swift in Sources */ = {isa = PBXBuildFile; fileRef = 3D38460A2A2BA505008A9166 /* PointModel.swift */; };
		3D38460D2A2BA52A008A9166 /* JsonLoader.swift in Sources */ = {isa = PBXBuildFile; fileRef = 3D38460C2A2BA52A008A9166 /* JsonLoader.swift */; };
		3D38460F2A2BA564008A9166 /* Ex+ CLocationCoordinate2D.swift in Sources */ = {isa = PBXBuildFile; fileRef = 3D38460E2A2BA564008A9166 /* Ex+ CLocationCoordinate2D.swift */; };
		3D3846112A2BA621008A9166 /* Point.swift in Sources */ = {isa = PBXBuildFile; fileRef = 3D3846102A2BA621008A9166 /* Point.swift */; };
		3D3846132A2BA70C008A9166 /* TrekkingInformationInput.swift in Sources */ = {isa = PBXBuildFile; fileRef = 3D3846122A2BA70C008A9166 /* TrekkingInformationInput.swift */; };
		3D3846172A2BCA16008A9166 /* WayPoint.swift in Sources */ = {isa = PBXBuildFile; fileRef = 3D3846162A2BCA16008A9166 /* WayPoint.swift */; };
		3D4D8E422A2D86910081912E /* OnboardingView.swift in Sources */ = {isa = PBXBuildFile; fileRef = 3D4D8E412A2D86910081912E /* OnboardingView.swift */; };
		C924BE182A2BD84600FF36BA /* DataReceiveView.swift in Sources */ = {isa = PBXBuildFile; fileRef = C924BE172A2BD84600FF36BA /* DataReceiveView.swift */; };
		C95D3A532A2D683D009DE078 /* TimelineView.swift in Sources */ = {isa = PBXBuildFile; fileRef = C95D3A522A2D683D009DE078 /* TimelineView.swift */; };
		C95F4AA32A2AE4A800DFBFE3 /* ColorExtension.swift in Sources */ = {isa = PBXBuildFile; fileRef = C95F4AA22A2AE4A800DFBFE3 /* ColorExtension.swift */; };
		C95F4AA52A2B134500DFBFE3 /* ViewExtension.swift in Sources */ = {isa = PBXBuildFile; fileRef = C95F4AA42A2B134500DFBFE3 /* ViewExtension.swift */; };
		C95F4AA72A2B14DB00DFBFE3 /* FontExtension.swift in Sources */ = {isa = PBXBuildFile; fileRef = C95F4AA62A2B14DB00DFBFE3 /* FontExtension.swift */; };
		C976C6492A2BED4A009E0D24 /* StoreView.swift in Sources */ = {isa = PBXBuildFile; fileRef = C976C6482A2BED4A009E0D24 /* StoreView.swift */; };
		C976C64B2A2BF270009E0D24 /* CoinComponent.swift in Sources */ = {isa = PBXBuildFile; fileRef = C976C64A2A2BF270009E0D24 /* CoinComponent.swift */; };
		C9975FE32A2CC05E00C1B4DC /* MainView.swift in Sources */ = {isa = PBXBuildFile; fileRef = C9975FE22A2CC05E00C1B4DC /* MainView.swift */; };
		C9D8CD8B2A27597000A880E8 /* InToTheSeoulApp.swift in Sources */ = {isa = PBXBuildFile; fileRef = C9D8CD8A2A27597000A880E8 /* InToTheSeoulApp.swift */; };
		C9D8CD8D2A27597000A880E8 /* ContentView.swift in Sources */ = {isa = PBXBuildFile; fileRef = C9D8CD8C2A27597000A880E8 /* ContentView.swift */; };
		C9D8CD8F2A27597100A880E8 /* Assets.xcassets in Resources */ = {isa = PBXBuildFile; fileRef = C9D8CD8E2A27597100A880E8 /* Assets.xcassets */; };
		C9D8CD922A27597100A880E8 /* Preview Assets.xcassets in Resources */ = {isa = PBXBuildFile; fileRef = C9D8CD912A27597100A880E8 /* Preview Assets.xcassets */; };
/* End PBXBuildFile section */

/* Begin PBXFileReference section */
		160EFE322A2C87B2005809A0 /* TrackingView.swift */ = {isa = PBXFileReference; lastKnownFileType = sourcecode.swift; path = TrackingView.swift; sourceTree = "<group>"; };
		160EFE342A2C880F005809A0 /* MapView.swift */ = {isa = PBXFileReference; lastKnownFileType = sourcecode.swift; path = MapView.swift; sourceTree = "<group>"; };
		160EFE362A2C8867005809A0 /* TrackingModalView.swift */ = {isa = PBXFileReference; lastKnownFileType = sourcecode.swift; path = TrackingModalView.swift; sourceTree = "<group>"; };
		3D3846052A2B9C20008A9166 /* ButtonComponent.swift */ = {isa = PBXFileReference; fileEncoding = 4; lastKnownFileType = sourcecode.swift; path = ButtonComponent.swift; sourceTree = "<group>"; };
		3D3846082A2B9CE9008A9166 /* Points.json */ = {isa = PBXFileReference; fileEncoding = 4; lastKnownFileType = text.json; path = Points.json; sourceTree = "<group>"; };
		3D38460A2A2BA505008A9166 /* PointModel.swift */ = {isa = PBXFileReference; lastKnownFileType = sourcecode.swift; path = PointModel.swift; sourceTree = "<group>"; };
		3D38460C2A2BA52A008A9166 /* JsonLoader.swift */ = {isa = PBXFileReference; lastKnownFileType = sourcecode.swift; path = JsonLoader.swift; sourceTree = "<group>"; };
		3D38460E2A2BA564008A9166 /* Ex+ CLocationCoordinate2D.swift */ = {isa = PBXFileReference; lastKnownFileType = sourcecode.swift; path = "Ex+ CLocationCoordinate2D.swift"; sourceTree = "<group>"; };
		3D3846102A2BA621008A9166 /* Point.swift */ = {isa = PBXFileReference; lastKnownFileType = sourcecode.swift; path = Point.swift; sourceTree = "<group>"; };
		3D3846122A2BA70C008A9166 /* TrekkingInformationInput.swift */ = {isa = PBXFileReference; lastKnownFileType = sourcecode.swift; path = TrekkingInformationInput.swift; sourceTree = "<group>"; };
		3D3846162A2BCA16008A9166 /* WayPoint.swift */ = {isa = PBXFileReference; lastKnownFileType = sourcecode.swift; path = WayPoint.swift; sourceTree = "<group>"; };
		3D4D8E412A2D86910081912E /* OnboardingView.swift */ = {isa = PBXFileReference; lastKnownFileType = sourcecode.swift; path = OnboardingView.swift; sourceTree = "<group>"; };
		C921EE482A27675F00290875 /* Info.plist */ = {isa = PBXFileReference; lastKnownFileType = text.plist; path = Info.plist; sourceTree = "<group>"; };
		C924BE172A2BD84600FF36BA /* DataReceiveView.swift */ = {isa = PBXFileReference; lastKnownFileType = sourcecode.swift; path = DataReceiveView.swift; sourceTree = "<group>"; };
		C95D3A522A2D683D009DE078 /* TimelineView.swift */ = {isa = PBXFileReference; lastKnownFileType = sourcecode.swift; path = TimelineView.swift; sourceTree = "<group>"; };
		C95F4AA22A2AE4A800DFBFE3 /* ColorExtension.swift */ = {isa = PBXFileReference; lastKnownFileType = sourcecode.swift; path = ColorExtension.swift; sourceTree = "<group>"; };
		C95F4AA42A2B134500DFBFE3 /* ViewExtension.swift */ = {isa = PBXFileReference; lastKnownFileType = sourcecode.swift; path = ViewExtension.swift; sourceTree = "<group>"; };
		C95F4AA62A2B14DB00DFBFE3 /* FontExtension.swift */ = {isa = PBXFileReference; lastKnownFileType = sourcecode.swift; path = FontExtension.swift; sourceTree = "<group>"; };
		C976C6482A2BED4A009E0D24 /* StoreView.swift */ = {isa = PBXFileReference; lastKnownFileType = sourcecode.swift; path = StoreView.swift; sourceTree = "<group>"; };
		C976C64A2A2BF270009E0D24 /* CoinComponent.swift */ = {isa = PBXFileReference; lastKnownFileType = sourcecode.swift; path = CoinComponent.swift; sourceTree = "<group>"; };
		C9975FE22A2CC05E00C1B4DC /* MainView.swift */ = {isa = PBXFileReference; lastKnownFileType = sourcecode.swift; path = MainView.swift; sourceTree = "<group>"; };
		C9D8CD872A27597000A880E8 /* InToTheSeoul.app */ = {isa = PBXFileReference; explicitFileType = wrapper.application; includeInIndex = 0; path = InToTheSeoul.app; sourceTree = BUILT_PRODUCTS_DIR; };
		C9D8CD8A2A27597000A880E8 /* InToTheSeoulApp.swift */ = {isa = PBXFileReference; lastKnownFileType = sourcecode.swift; path = InToTheSeoulApp.swift; sourceTree = "<group>"; };
		C9D8CD8C2A27597000A880E8 /* ContentView.swift */ = {isa = PBXFileReference; lastKnownFileType = sourcecode.swift; path = ContentView.swift; sourceTree = "<group>"; };
		C9D8CD8E2A27597100A880E8 /* Assets.xcassets */ = {isa = PBXFileReference; lastKnownFileType = folder.assetcatalog; path = Assets.xcassets; sourceTree = "<group>"; };
		C9D8CD912A27597100A880E8 /* Preview Assets.xcassets */ = {isa = PBXFileReference; lastKnownFileType = folder.assetcatalog; path = "Preview Assets.xcassets"; sourceTree = "<group>"; };
/* End PBXFileReference section */

/* Begin PBXFrameworksBuildPhase section */
		C9D8CD842A27597000A880E8 /* Frameworks */ = {
			isa = PBXFrameworksBuildPhase;
			buildActionMask = 2147483647;
			files = (
			);
			runOnlyForDeploymentPostprocessing = 0;
		};
/* End PBXFrameworksBuildPhase section */

/* Begin PBXGroup section */
		160EFE312A2C87A5005809A0 /* TrackingView */ = {
			isa = PBXGroup;
			children = (
				160EFE322A2C87B2005809A0 /* TrackingView.swift */,
				160EFE342A2C880F005809A0 /* MapView.swift */,
				160EFE362A2C8867005809A0 /* TrackingModalView.swift */,
			);
			path = TrackingView;
			sourceTree = "<group>";
		};
		3D3846042A2B9C20008A9166 /* Components */ = {
			isa = PBXGroup;
			children = (
				3D3846052A2B9C20008A9166 /* ButtonComponent.swift */,
				C976C64A2A2BF270009E0D24 /* CoinComponent.swift */,
			);
			path = Components;
			sourceTree = "<group>";
		};
		3D3846072A2B9C37008A9166 /* Model */ = {
			isa = PBXGroup;
			children = (
				3D38460A2A2BA505008A9166 /* PointModel.swift */,
				3D3846102A2BA621008A9166 /* Point.swift */,
				3D38460C2A2BA52A008A9166 /* JsonLoader.swift */,
				3D3846162A2BCA16008A9166 /* WayPoint.swift */,
			);
			path = Model;
			sourceTree = "<group>";
		};
		3D4D8E402A2D866E0081912E /* OnboardingView */ = {
			isa = PBXGroup;
			children = (
				3D4D8E412A2D86910081912E /* OnboardingView.swift */,
			);
			path = OnboardingView;
			sourceTree = "<group>";
		};
		C921EE442A275C8D00290875 /* View */ = {
			isa = PBXGroup;
			children = (
				3D4D8E402A2D866E0081912E /* OnboardingView */,
				C95D3A512A2D682B009DE078 /* TimelineView */,
				160EFE312A2C87A5005809A0 /* TrackingView */,
				C9975FE12A2CC03600C1B4DC /* MainView */,
				C976C6472A2BED38009E0D24 /* StoreView */,
				C924BE162A2BD82E00FF36BA /* DataReceiveView */,
				C9D8CD8C2A27597000A880E8 /* ContentView.swift */,
				3D3846122A2BA70C008A9166 /* TrekkingInformationInput.swift */,
			);
			path = View;
			sourceTree = "<group>";
		};
		C921EE452A275CA400290875 /* Resource */ = {
			isa = PBXGroup;
			children = (
				3D3846082A2B9CE9008A9166 /* Points.json */,
				C9D8CD8E2A27597100A880E8 /* Assets.xcassets */,
			);
			path = Resource;
			sourceTree = "<group>";
		};
		C924BE162A2BD82E00FF36BA /* DataReceiveView */ = {
			isa = PBXGroup;
			children = (
				C924BE172A2BD84600FF36BA /* DataReceiveView.swift */,
			);
			path = DataReceiveView;
			sourceTree = "<group>";
		};
		C95D3A512A2D682B009DE078 /* TimelineView */ = {
			isa = PBXGroup;
			children = (
				C95D3A522A2D683D009DE078 /* TimelineView.swift */,
			);
			path = TimelineView;
			sourceTree = "<group>";
		};
		C95F4AA12A2AE47D00DFBFE3 /* Extension */ = {
			isa = PBXGroup;
			children = (
				C95F4AA22A2AE4A800DFBFE3 /* ColorExtension.swift */,
				C95F4AA62A2B14DB00DFBFE3 /* FontExtension.swift */,
				C95F4AA42A2B134500DFBFE3 /* ViewExtension.swift */,
				3D38460E2A2BA564008A9166 /* Ex+ CLocationCoordinate2D.swift */,
			);
			path = Extension;
			sourceTree = "<group>";
		};
		C976C6472A2BED38009E0D24 /* StoreView */ = {
			isa = PBXGroup;
			children = (
				C976C6482A2BED4A009E0D24 /* StoreView.swift */,
			);
			path = StoreView;
			sourceTree = "<group>";
		};
		C9975FE12A2CC03600C1B4DC /* MainView */ = {
			isa = PBXGroup;
			children = (
				C9975FE22A2CC05E00C1B4DC /* MainView.swift */,
			);
			path = MainView;
			sourceTree = "<group>";
		};
		C9D8CD7E2A27597000A880E8 = {
			isa = PBXGroup;
			children = (
				C9D8CD892A27597000A880E8 /* InToTheSeoul */,
				C9D8CD882A27597000A880E8 /* Products */,
			);
			sourceTree = "<group>";
		};
		C9D8CD882A27597000A880E8 /* Products */ = {
			isa = PBXGroup;
			children = (
				C9D8CD872A27597000A880E8 /* InToTheSeoul.app */,
			);
			name = Products;
			sourceTree = "<group>";
		};
		C9D8CD892A27597000A880E8 /* InToTheSeoul */ = {
			isa = PBXGroup;
			children = (
				C921EE482A27675F00290875 /* Info.plist */,
				C9D8CD8A2A27597000A880E8 /* InToTheSeoulApp.swift */,
				C921EE442A275C8D00290875 /* View */,
				3D3846072A2B9C37008A9166 /* Model */,
				C921EE452A275CA400290875 /* Resource */,
				C95F4AA12A2AE47D00DFBFE3 /* Extension */,
				3D3846042A2B9C20008A9166 /* Components */,
				C9D8CD902A27597100A880E8 /* Preview Content */,
			);
			path = InToTheSeoul;
			sourceTree = "<group>";
		};
		C9D8CD902A27597100A880E8 /* Preview Content */ = {
			isa = PBXGroup;
			children = (
				C9D8CD912A27597100A880E8 /* Preview Assets.xcassets */,
			);
			path = "Preview Content";
			sourceTree = "<group>";
		};
/* End PBXGroup section */

/* Begin PBXNativeTarget section */
		C9D8CD862A27597000A880E8 /* InToTheSeoul */ = {
			isa = PBXNativeTarget;
			buildConfigurationList = C9D8CD952A27597100A880E8 /* Build configuration list for PBXNativeTarget "InToTheSeoul" */;
			buildPhases = (
				C9D8CD832A27597000A880E8 /* Sources */,
				C9D8CD842A27597000A880E8 /* Frameworks */,
				C9D8CD852A27597000A880E8 /* Resources */,
			);
			buildRules = (
			);
			dependencies = (
			);
			name = InToTheSeoul;
			productName = InToTheSeoul;
			productReference = C9D8CD872A27597000A880E8 /* InToTheSeoul.app */;
			productType = "com.apple.product-type.application";
		};
/* End PBXNativeTarget section */

/* Begin PBXProject section */
		C9D8CD7F2A27597000A880E8 /* Project object */ = {
			isa = PBXProject;
			attributes = {
				BuildIndependentTargetsInParallel = 1;
				LastSwiftUpdateCheck = 1430;
				LastUpgradeCheck = 1430;
				TargetAttributes = {
					C9D8CD862A27597000A880E8 = {
						CreatedOnToolsVersion = 14.3;
					};
				};
			};
			buildConfigurationList = C9D8CD822A27597000A880E8 /* Build configuration list for PBXProject "InToTheSeoul" */;
			compatibilityVersion = "Xcode 14.0";
			developmentRegion = en;
			hasScannedForEncodings = 0;
			knownRegions = (
				en,
				Base,
			);
			mainGroup = C9D8CD7E2A27597000A880E8;
			productRefGroup = C9D8CD882A27597000A880E8 /* Products */;
			projectDirPath = "";
			projectRoot = "";
			targets = (
				C9D8CD862A27597000A880E8 /* InToTheSeoul */,
			);
		};
/* End PBXProject section */

/* Begin PBXResourcesBuildPhase section */
		C9D8CD852A27597000A880E8 /* Resources */ = {
			isa = PBXResourcesBuildPhase;
			buildActionMask = 2147483647;
			files = (
				C9D8CD922A27597100A880E8 /* Preview Assets.xcassets in Resources */,
				C9D8CD8F2A27597100A880E8 /* Assets.xcassets in Resources */,
				3D3846092A2B9CE9008A9166 /* Points.json in Resources */,
			);
			runOnlyForDeploymentPostprocessing = 0;
		};
/* End PBXResourcesBuildPhase section */

/* Begin PBXSourcesBuildPhase section */
		C9D8CD832A27597000A880E8 /* Sources */ = {
			isa = PBXSourcesBuildPhase;
			buildActionMask = 2147483647;
			files = (
				3D38460B2A2BA505008A9166 /* PointModel.swift in Sources */,
				C95F4AA72A2B14DB00DFBFE3 /* FontExtension.swift in Sources */,
				3D4D8E422A2D86910081912E /* OnboardingView.swift in Sources */,
				C9D8CD8D2A27597000A880E8 /* ContentView.swift in Sources */,
				C95D3A532A2D683D009DE078 /* TimelineView.swift in Sources */,
				C9D8CD8B2A27597000A880E8 /* InToTheSeoulApp.swift in Sources */,
				3D3846172A2BCA16008A9166 /* WayPoint.swift in Sources */,
				160EFE372A2C8867005809A0 /* TrackingModalView.swift in Sources */,
				3D38460F2A2BA564008A9166 /* Ex+ CLocationCoordinate2D.swift in Sources */,
				3D38460D2A2BA52A008A9166 /* JsonLoader.swift in Sources */,
				3D3846112A2BA621008A9166 /* Point.swift in Sources */,
				3D3846062A2B9C20008A9166 /* ButtonComponent.swift in Sources */,
				160EFE352A2C880F005809A0 /* MapView.swift in Sources */,
				C9975FE32A2CC05E00C1B4DC /* MainView.swift in Sources */,
				3D3846132A2BA70C008A9166 /* TrekkingInformationInput.swift in Sources */,
				C976C64B2A2BF270009E0D24 /* CoinComponent.swift in Sources */,
				160EFE332A2C87B2005809A0 /* TrackingView.swift in Sources */,
				C95F4AA32A2AE4A800DFBFE3 /* ColorExtension.swift in Sources */,
				C95F4AA52A2B134500DFBFE3 /* ViewExtension.swift in Sources */,
				C976C6492A2BED4A009E0D24 /* StoreView.swift in Sources */,
				C924BE182A2BD84600FF36BA /* DataReceiveView.swift in Sources */,
			);
			runOnlyForDeploymentPostprocessing = 0;
		};
/* End PBXSourcesBuildPhase section */

/* Begin XCBuildConfiguration section */
		C9D8CD932A27597100A880E8 /* Debug */ = {
			isa = XCBuildConfiguration;
			buildSettings = {
				ALWAYS_SEARCH_USER_PATHS = NO;
				CLANG_ANALYZER_NONNULL = YES;
				CLANG_ANALYZER_NUMBER_OBJECT_CONVERSION = YES_AGGRESSIVE;
				CLANG_CXX_LANGUAGE_STANDARD = "gnu++20";
				CLANG_ENABLE_MODULES = YES;
				CLANG_ENABLE_OBJC_ARC = YES;
				CLANG_ENABLE_OBJC_WEAK = YES;
				CLANG_WARN_BLOCK_CAPTURE_AUTORELEASING = YES;
				CLANG_WARN_BOOL_CONVERSION = YES;
				CLANG_WARN_COMMA = YES;
				CLANG_WARN_CONSTANT_CONVERSION = YES;
				CLANG_WARN_DEPRECATED_OBJC_IMPLEMENTATIONS = YES;
				CLANG_WARN_DIRECT_OBJC_ISA_USAGE = YES_ERROR;
				CLANG_WARN_DOCUMENTATION_COMMENTS = YES;
				CLANG_WARN_EMPTY_BODY = YES;
				CLANG_WARN_ENUM_CONVERSION = YES;
				CLANG_WARN_INFINITE_RECURSION = YES;
				CLANG_WARN_INT_CONVERSION = YES;
				CLANG_WARN_NON_LITERAL_NULL_CONVERSION = YES;
				CLANG_WARN_OBJC_IMPLICIT_RETAIN_SELF = YES;
				CLANG_WARN_OBJC_LITERAL_CONVERSION = YES;
				CLANG_WARN_OBJC_ROOT_CLASS = YES_ERROR;
				CLANG_WARN_QUOTED_INCLUDE_IN_FRAMEWORK_HEADER = YES;
				CLANG_WARN_RANGE_LOOP_ANALYSIS = YES;
				CLANG_WARN_STRICT_PROTOTYPES = YES;
				CLANG_WARN_SUSPICIOUS_MOVE = YES;
				CLANG_WARN_UNGUARDED_AVAILABILITY = YES_AGGRESSIVE;
				CLANG_WARN_UNREACHABLE_CODE = YES;
				CLANG_WARN__DUPLICATE_METHOD_MATCH = YES;
				COPY_PHASE_STRIP = NO;
				DEBUG_INFORMATION_FORMAT = dwarf;
				ENABLE_STRICT_OBJC_MSGSEND = YES;
				ENABLE_TESTABILITY = YES;
				GCC_C_LANGUAGE_STANDARD = gnu11;
				GCC_DYNAMIC_NO_PIC = NO;
				GCC_NO_COMMON_BLOCKS = YES;
				GCC_OPTIMIZATION_LEVEL = 0;
				GCC_PREPROCESSOR_DEFINITIONS = (
					"DEBUG=1",
					"$(inherited)",
				);
				GCC_WARN_64_TO_32_BIT_CONVERSION = YES;
				GCC_WARN_ABOUT_RETURN_TYPE = YES_ERROR;
				GCC_WARN_UNDECLARED_SELECTOR = YES;
				GCC_WARN_UNINITIALIZED_AUTOS = YES_AGGRESSIVE;
				GCC_WARN_UNUSED_FUNCTION = YES;
				GCC_WARN_UNUSED_VARIABLE = YES;
				IPHONEOS_DEPLOYMENT_TARGET = 16.4;
				MTL_ENABLE_DEBUG_INFO = INCLUDE_SOURCE;
				MTL_FAST_MATH = YES;
				ONLY_ACTIVE_ARCH = YES;
				SDKROOT = iphoneos;
				SWIFT_ACTIVE_COMPILATION_CONDITIONS = DEBUG;
				SWIFT_OPTIMIZATION_LEVEL = "-Onone";
			};
			name = Debug;
		};
		C9D8CD942A27597100A880E8 /* Release */ = {
			isa = XCBuildConfiguration;
			buildSettings = {
				ALWAYS_SEARCH_USER_PATHS = NO;
				CLANG_ANALYZER_NONNULL = YES;
				CLANG_ANALYZER_NUMBER_OBJECT_CONVERSION = YES_AGGRESSIVE;
				CLANG_CXX_LANGUAGE_STANDARD = "gnu++20";
				CLANG_ENABLE_MODULES = YES;
				CLANG_ENABLE_OBJC_ARC = YES;
				CLANG_ENABLE_OBJC_WEAK = YES;
				CLANG_WARN_BLOCK_CAPTURE_AUTORELEASING = YES;
				CLANG_WARN_BOOL_CONVERSION = YES;
				CLANG_WARN_COMMA = YES;
				CLANG_WARN_CONSTANT_CONVERSION = YES;
				CLANG_WARN_DEPRECATED_OBJC_IMPLEMENTATIONS = YES;
				CLANG_WARN_DIRECT_OBJC_ISA_USAGE = YES_ERROR;
				CLANG_WARN_DOCUMENTATION_COMMENTS = YES;
				CLANG_WARN_EMPTY_BODY = YES;
				CLANG_WARN_ENUM_CONVERSION = YES;
				CLANG_WARN_INFINITE_RECURSION = YES;
				CLANG_WARN_INT_CONVERSION = YES;
				CLANG_WARN_NON_LITERAL_NULL_CONVERSION = YES;
				CLANG_WARN_OBJC_IMPLICIT_RETAIN_SELF = YES;
				CLANG_WARN_OBJC_LITERAL_CONVERSION = YES;
				CLANG_WARN_OBJC_ROOT_CLASS = YES_ERROR;
				CLANG_WARN_QUOTED_INCLUDE_IN_FRAMEWORK_HEADER = YES;
				CLANG_WARN_RANGE_LOOP_ANALYSIS = YES;
				CLANG_WARN_STRICT_PROTOTYPES = YES;
				CLANG_WARN_SUSPICIOUS_MOVE = YES;
				CLANG_WARN_UNGUARDED_AVAILABILITY = YES_AGGRESSIVE;
				CLANG_WARN_UNREACHABLE_CODE = YES;
				CLANG_WARN__DUPLICATE_METHOD_MATCH = YES;
				COPY_PHASE_STRIP = NO;
				DEBUG_INFORMATION_FORMAT = "dwarf-with-dsym";
				ENABLE_NS_ASSERTIONS = NO;
				ENABLE_STRICT_OBJC_MSGSEND = YES;
				GCC_C_LANGUAGE_STANDARD = gnu11;
				GCC_NO_COMMON_BLOCKS = YES;
				GCC_WARN_64_TO_32_BIT_CONVERSION = YES;
				GCC_WARN_ABOUT_RETURN_TYPE = YES_ERROR;
				GCC_WARN_UNDECLARED_SELECTOR = YES;
				GCC_WARN_UNINITIALIZED_AUTOS = YES_AGGRESSIVE;
				GCC_WARN_UNUSED_FUNCTION = YES;
				GCC_WARN_UNUSED_VARIABLE = YES;
				IPHONEOS_DEPLOYMENT_TARGET = 16.4;
				MTL_ENABLE_DEBUG_INFO = NO;
				MTL_FAST_MATH = YES;
				SDKROOT = iphoneos;
				SWIFT_COMPILATION_MODE = wholemodule;
				SWIFT_OPTIMIZATION_LEVEL = "-O";
				VALIDATE_PRODUCT = YES;
			};
			name = Release;
		};
		C9D8CD962A27597100A880E8 /* Debug */ = {
			isa = XCBuildConfiguration;
			buildSettings = {
				ASSETCATALOG_COMPILER_APPICON_NAME = AppIcon;
				ASSETCATALOG_COMPILER_GLOBAL_ACCENT_COLOR_NAME = AccentColor;
				CODE_SIGN_STYLE = Automatic;
				CURRENT_PROJECT_VERSION = 1;
				DEVELOPMENT_ASSET_PATHS = "\"InToTheSeoul/Preview Content\"";
				DEVELOPMENT_TEAM = UULN4L9KLP;
				ENABLE_PREVIEWS = YES;
				GENERATE_INFOPLIST_FILE = YES;
				INFOPLIST_FILE = InToTheSeoul/Info.plist;
				INFOPLIST_KEY_NSLocationWhenInUseUsageDescription = "사용자의 위치를 확인하기 위해 사용자 위치 정보 권한이 필요합니다.";
				INFOPLIST_KEY_UIApplicationSceneManifest_Generation = YES;
				INFOPLIST_KEY_UIApplicationSupportsIndirectInputEvents = YES;
				INFOPLIST_KEY_UILaunchScreen_Generation = YES;
				INFOPLIST_KEY_UISupportedInterfaceOrientations_iPad = "UIInterfaceOrientationPortrait UIInterfaceOrientationPortraitUpsideDown UIInterfaceOrientationLandscapeLeft UIInterfaceOrientationLandscapeRight";
				INFOPLIST_KEY_UISupportedInterfaceOrientations_iPhone = "UIInterfaceOrientationPortrait UIInterfaceOrientationLandscapeLeft UIInterfaceOrientationLandscapeRight";
				IPHONEOS_DEPLOYMENT_TARGET = 16.0;
				LD_RUNPATH_SEARCH_PATHS = (
					"$(inherited)",
					"@executable_path/Frameworks",
				);
				MARKETING_VERSION = 1.0;
				PRODUCT_BUNDLE_IDENTIFIER = com.seoul.InToTheSeoul;
				PRODUCT_NAME = "$(TARGET_NAME)";
				SWIFT_EMIT_LOC_STRINGS = YES;
				SWIFT_VERSION = 5.0;
				TARGETED_DEVICE_FAMILY = "1,2";
			};
			name = Debug;
		};
		C9D8CD972A27597100A880E8 /* Release */ = {
			isa = XCBuildConfiguration;
			buildSettings = {
				ASSETCATALOG_COMPILER_APPICON_NAME = AppIcon;
				ASSETCATALOG_COMPILER_GLOBAL_ACCENT_COLOR_NAME = AccentColor;
				CODE_SIGN_STYLE = Automatic;
				CURRENT_PROJECT_VERSION = 1;
				DEVELOPMENT_ASSET_PATHS = "\"InToTheSeoul/Preview Content\"";
				DEVELOPMENT_TEAM = UULN4L9KLP;
				ENABLE_PREVIEWS = YES;
				GENERATE_INFOPLIST_FILE = YES;
				INFOPLIST_FILE = InToTheSeoul/Info.plist;
				INFOPLIST_KEY_NSLocationWhenInUseUsageDescription = "사용자의 위치를 확인하기 위해 사용자 위치 정보 권한이 필요합니다.";
				INFOPLIST_KEY_UIApplicationSceneManifest_Generation = YES;
				INFOPLIST_KEY_UIApplicationSupportsIndirectInputEvents = YES;
				INFOPLIST_KEY_UILaunchScreen_Generation = YES;
				INFOPLIST_KEY_UISupportedInterfaceOrientations_iPad = "UIInterfaceOrientationPortrait UIInterfaceOrientationPortraitUpsideDown UIInterfaceOrientationLandscapeLeft UIInterfaceOrientationLandscapeRight";
				INFOPLIST_KEY_UISupportedInterfaceOrientations_iPhone = "UIInterfaceOrientationPortrait UIInterfaceOrientationLandscapeLeft UIInterfaceOrientationLandscapeRight";
				IPHONEOS_DEPLOYMENT_TARGET = 16.0;
				LD_RUNPATH_SEARCH_PATHS = (
					"$(inherited)",
					"@executable_path/Frameworks",
				);
				MARKETING_VERSION = 1.0;
				PRODUCT_BUNDLE_IDENTIFIER = com.seoul.InToTheSeoul;
				PRODUCT_NAME = "$(TARGET_NAME)";
				SWIFT_EMIT_LOC_STRINGS = YES;
				SWIFT_VERSION = 5.0;
				TARGETED_DEVICE_FAMILY = "1,2";
			};
			name = Release;
		};
/* End XCBuildConfiguration section */

/* Begin XCConfigurationList section */
		C9D8CD822A27597000A880E8 /* Build configuration list for PBXProject "InToTheSeoul" */ = {
			isa = XCConfigurationList;
			buildConfigurations = (
				C9D8CD932A27597100A880E8 /* Debug */,
				C9D8CD942A27597100A880E8 /* Release */,
			);
			defaultConfigurationIsVisible = 0;
			defaultConfigurationName = Release;
		};
		C9D8CD952A27597100A880E8 /* Build configuration list for PBXNativeTarget "InToTheSeoul" */ = {
			isa = XCConfigurationList;
			buildConfigurations = (
				C9D8CD962A27597100A880E8 /* Debug */,
				C9D8CD972A27597100A880E8 /* Release */,
			);
			defaultConfigurationIsVisible = 0;
			defaultConfigurationName = Release;
		};
/* End XCConfigurationList section */
	};
	rootObject = C9D8CD7F2A27597000A880E8 /* Project object */;
}
